
Microsoft Visual Studio Solution File, Format Version 12.00
# Visual Studio Version 16
VisualStudioVersion = 16.0.30907.101
MinimumVisualStudioVersion = 10.0.40219.1
Project("{9A19103F-16F7-4668-BE54-9A1E7A4F7556}") = "GenshinDB-Core", "Core\GenshinDB-Core.csproj", "{906B3A55-B1BD-4038-B031-2DFB26F364B8}"
EndProject
Project("{FAE04EC0-301F-11D3-BF4B-00C04F79EFBC}") = "GenshinDB-Core-Test", "Test\GenshinDB-Core-Test\GenshinDB-Core-Test.csproj", "{80111442-C6BE-4476-A1EC-0649C8A6AFB4}"
EndProject
Global
	GlobalSection(SolutionConfigurationPlatforms) = preSolution
		Debug|Any CPU = Debug|Any CPU
		Release|Any CPU = Release|Any CPU
	EndGlobalSection
	GlobalSection(ProjectConfigurationPlatforms) = postSolution
		{906B3A55-B1BD-4038-B031-2DFB26F364B8}.Debug|Any CPU.ActiveCfg = Debug|Any CPU
		{906B3A55-B1BD-4038-B031-2DFB26F364B8}.Debug|Any CPU.Build.0 = Debug|Any CPU
		{906B3A55-B1BD-4038-B031-2DFB26F364B8}.Release|Any CPU.ActiveCfg = Release|Any CPU
		{906B3A55-B1BD-4038-B031-2DFB26F364B8}.Release|Any CPU.Build.0 = Release|Any CPU
		{80111442-C6BE-4476-A1EC-0649C8A6AFB4}.Debug|Any CPU.ActiveCfg = Debug|Any CPU
		{80111442-C6BE-4476-A1EC-0649C8A6AFB4}.Debug|Any CPU.Build.0 = Debug|Any CPU
		{80111442-C6BE-4476-A1EC-0649C8A6AFB4}.Release|Any CPU.ActiveCfg = Release|Any CPU
		{80111442-C6BE-4476-A1EC-0649C8A6AFB4}.Release|Any CPU.Build.0 = Release|Any CPU
	EndGlobalSection
	GlobalSection(SolutionProperties) = preSolution
		HideSolutionNode = FALSE
	EndGlobalSection
	GlobalSection(ExtensibilityGlobals) = postSolution
		SolutionGuid = {CFDD0953-DCAC-46F4-AFFC-2608F835AC9B}
	EndGlobalSection
EndGlobal
